
Microsoft Visual Studio Solution File, Format Version 12.00
# Visual Studio Version 17
VisualStudioVersion = 17.8.34330.188
MinimumVisualStudioVersion = 10.0.40219.1
Project("{FAE04EC0-301F-11D3-BF4B-00C04F79EFBC}") = "wpf-winthino", "wpf-winthino\wpf-winthino.csproj", "{9A279330-EE32-4E37-BE37-18709E800DF0}"
EndProject
Global
	GlobalSection(SolutionConfigurationPlatforms) = preSolution
		Debug|Any CPU = Debug|Any CPU
		Release|Any CPU = Release|Any CPU
	EndGlobalSection
	GlobalSection(ProjectConfigurationPlatforms) = postSolution
		{9A279330-EE32-4E37-BE37-18709E800DF0}.Debug|Any CPU.ActiveCfg = Debug|Any CPU
		{9A279330-EE32-4E37-BE37-18709E800DF0}.Debug|Any CPU.Build.0 = Debug|Any CPU
		{9A279330-EE32-4E37-BE37-18709E800DF0}.Release|Any CPU.ActiveCfg = Release|Any CPU
		{9A279330-EE32-4E37-BE37-18709E800DF0}.Release|Any CPU.Build.0 = Release|Any CPU
	EndGlobalSection
	GlobalSection(SolutionProperties) = preSolution
		HideSolutionNode = FALSE
	EndGlobalSection
	GlobalSection(ExtensibilityGlobals) = postSolution
		SolutionGuid = {2B7B8E9F-7DDF-44BA-AC7F-1BF24A6E6B65}
	EndGlobalSection
EndGlobal
